
Microsoft Visual Studio Solution File, Format Version 12.00
# Visual Studio Version 16
VisualStudioVersion = 16.0.28803.202
MinimumVisualStudioVersion = 10.0.40219.1
Project("{9A19103F-16F7-4668-BE54-9A1E7A4F7556}") = "GradeBook", "GradeBook\GradeBook.csproj", "{3A299B6C-4A3A-4F24-B15B-50AF4F145096}"
EndProject
Project("{9A19103F-16F7-4668-BE54-9A1E7A4F7556}") = "GradeBook.Tests", "GradeBook.Tests\GradeBook.Tests.csproj", "{FA0FF8B1-EF33-4846-8C6B-F7FDAC65260C}"
EndProject
Project("{9A19103F-16F7-4668-BE54-9A1E7A4F7556}") = "Test", "Test\Test.csproj", "{54AE3493-7F0D-416D-B401-8C30CD10A88E}"
EndProject
Project("{9A19103F-16F7-4668-BE54-9A1E7A4F7556}") = "LearnXInYMinute", "LearnXInYMinute\LearnXInYMinute.csproj", "{94AD1F79-242C-421E-B988-A9E57B9FF9C9}"
EndProject
Project("{9A19103F-16F7-4668-BE54-9A1E7A4F7556}") = "learn-asynchronous", "learn-asynchronous\learn-asynchronous.csproj", "{F7BAA815-B895-4BCC-B29B-2BE1EB249405}"
EndProject
Global
	GlobalSection(SolutionConfigurationPlatforms) = preSolution
		Debug|Any CPU = Debug|Any CPU
		Release|Any CPU = Release|Any CPU
	EndGlobalSection
	GlobalSection(ProjectConfigurationPlatforms) = postSolution
		{3A299B6C-4A3A-4F24-B15B-50AF4F145096}.Debug|Any CPU.ActiveCfg = Debug|Any CPU
		{3A299B6C-4A3A-4F24-B15B-50AF4F145096}.Debug|Any CPU.Build.0 = Debug|Any CPU
		{3A299B6C-4A3A-4F24-B15B-50AF4F145096}.Release|Any CPU.ActiveCfg = Release|Any CPU
		{3A299B6C-4A3A-4F24-B15B-50AF4F145096}.Release|Any CPU.Build.0 = Release|Any CPU
		{FA0FF8B1-EF33-4846-8C6B-F7FDAC65260C}.Debug|Any CPU.ActiveCfg = Debug|Any CPU
		{FA0FF8B1-EF33-4846-8C6B-F7FDAC65260C}.Debug|Any CPU.Build.0 = Debug|Any CPU
		{FA0FF8B1-EF33-4846-8C6B-F7FDAC65260C}.Release|Any CPU.ActiveCfg = Release|Any CPU
		{FA0FF8B1-EF33-4846-8C6B-F7FDAC65260C}.Release|Any CPU.Build.0 = Release|Any CPU
		{54AE3493-7F0D-416D-B401-8C30CD10A88E}.Debug|Any CPU.ActiveCfg = Debug|Any CPU
		{54AE3493-7F0D-416D-B401-8C30CD10A88E}.Debug|Any CPU.Build.0 = Debug|Any CPU
		{54AE3493-7F0D-416D-B401-8C30CD10A88E}.Release|Any CPU.ActiveCfg = Release|Any CPU
		{54AE3493-7F0D-416D-B401-8C30CD10A88E}.Release|Any CPU.Build.0 = Release|Any CPU
		{94AD1F79-242C-421E-B988-A9E57B9FF9C9}.Debug|Any CPU.ActiveCfg = Debug|Any CPU
		{94AD1F79-242C-421E-B988-A9E57B9FF9C9}.Debug|Any CPU.Build.0 = Debug|Any CPU
		{94AD1F79-242C-421E-B988-A9E57B9FF9C9}.Release|Any CPU.ActiveCfg = Release|Any CPU
		{94AD1F79-242C-421E-B988-A9E57B9FF9C9}.Release|Any CPU.Build.0 = Release|Any CPU
		{F7BAA815-B895-4BCC-B29B-2BE1EB249405}.Debug|Any CPU.ActiveCfg = Debug|Any CPU
		{F7BAA815-B895-4BCC-B29B-2BE1EB249405}.Debug|Any CPU.Build.0 = Debug|Any CPU
		{F7BAA815-B895-4BCC-B29B-2BE1EB249405}.Release|Any CPU.ActiveCfg = Release|Any CPU
		{F7BAA815-B895-4BCC-B29B-2BE1EB249405}.Release|Any CPU.Build.0 = Release|Any CPU
	EndGlobalSection
	GlobalSection(SolutionProperties) = preSolution
		HideSolutionNode = FALSE
	EndGlobalSection
	GlobalSection(ExtensibilityGlobals) = postSolution
		SolutionGuid = {77677589-86E2-4E67-A1DC-6F4F50E20243}
	EndGlobalSection
EndGlobal
